{
  "name": "ormolu-live",
  "version": "0.0.0",
  "lockfileVersion": 3,
  "requires": true,
  "packages": {
    "": {
      "name": "ormolu-live",
      "version": "0.0.0",
      "dependencies": {
        "@bjorn3/browser_wasi_shim": "^0.4.2",
        "ace-builds": "^1.43.2",
        "bulma": "^1.0.4"
      }
    },
    "node_modules/@bjorn3/browser_wasi_shim": {
      "version": "0.4.2",
      "resolved": "https://registry.npmjs.org/@bjorn3/browser_wasi_shim/-/browser_wasi_shim-0.4.2.tgz",
      "integrity": "sha512-/iHkCVUG3VbcbmEHn5iIUpIrh7a7WPiwZ3sHy4HZKZzBdSadwdddYDZAII2zBvQYV0Lfi8naZngPCN7WPHI/hA==",
      "license": "MIT OR Apache-2.0"
    },
    "node_modules/ace-builds": {
      "version": "1.43.2",
      "resolved": "https://registry.npmjs.org/ace-builds/-/ace-builds-1.43.2.tgz",
      "integrity": "sha512-3wzJUJX0RpMc03jo0V8Q3bSb/cKPnS7Nqqw8fVHsCCHweKMiTIxT3fP46EhjmVy6MCuxwP801ere+RW245phGw==",
      "license": "BSD-3-Clause"
    },
    "node_modules/bulma": {
      "version": "1.0.4",
      "resolved": "https://registry.npmjs.org/bulma/-/bulma-1.0.4.tgz",
      "integrity": "sha512-Ffb6YGXDiZYX3cqvSbHWqQ8+LkX6tVoTcZuVB3lm93sbAVXlO0D6QlOTMnV6g18gILpAXqkG2z9hf9z4hCjz2g==",
      "license": "MIT"
    }
  }
}
